
Microsoft Visual Studio Solution File, Format Version 12.00
# Visual Studio 2013
VisualStudioVersion = 12.0.21005.1
MinimumVisualStudioVersion = 10.0.40219.1
Project("{FAE04EC0-301F-11D3-BF4B-00C04F79EFBC}") = "JHelper", "JHelper\JHelper.csproj", "{79C77B98-D95C-4C69-B594-AEFEEB9FE6FE}"
EndProject
Project("{E24C65DC-7377-472B-9ABA-BC803B73C61A}") = "web", "http://localhost:7204", "{4B1F46B3-90C5-4007-AC46-907197B98128}"
	ProjectSection(WebsiteProperties) = preProject
		UseIISExpress = "true"
		TargetFrameworkMoniker = ".NETFramework,Version%3Dv4.0"
		ProjectReferences = "{79c77b98-d95c-4c69-b594-aefeeb9fe6fe}|JHelper.dll;"
		Debug.AspNetCompiler.VirtualPath = "/localhost_7204"
		Debug.AspNetCompiler.PhysicalPath = "web\"
		Debug.AspNetCompiler.TargetPath = "PrecompiledWeb\localhost_7204\"
		Debug.AspNetCompiler.Updateable = "true"
		Debug.AspNetCompiler.ForceOverwrite = "true"
		Debug.AspNetCompiler.FixedNames = "false"
		Debug.AspNetCompiler.Debug = "True"
		Release.AspNetCompiler.VirtualPath = "/localhost_7204"
		Release.AspNetCompiler.PhysicalPath = "web\"
		Release.AspNetCompiler.TargetPath = "PrecompiledWeb\localhost_7204\"
		Release.AspNetCompiler.Updateable = "true"
		Release.AspNetCompiler.ForceOverwrite = "true"
		Release.AspNetCompiler.FixedNames = "false"
		Release.AspNetCompiler.Debug = "False"
		SlnRelativePath = "web\"
		DefaultWebSiteLanguage = "Visual C#"
	EndProjectSection
EndProject
Project("{FAE04EC0-301F-11D3-BF4B-00C04F79EFBC}") = "JHelper.Tests", "JHelper.Tests\JHelper.Tests.csproj", "{A28B9907-3206-4B50-B9F9-17EDC2AFFE31}"
EndProject
Project("{FAE04EC0-301F-11D3-BF4B-00C04F79EFBC}") = "Domain", "Domain\Domain.csproj", "{AE3DE55F-8B5D-4208-AE9A-A01824D5B2DF}"
EndProject
Global
	GlobalSection(SolutionConfigurationPlatforms) = preSolution
		Debug|Any CPU = Debug|Any CPU
		Release|Any CPU = Release|Any CPU
	EndGlobalSection
	GlobalSection(ProjectConfigurationPlatforms) = postSolution
		{79C77B98-D95C-4C69-B594-AEFEEB9FE6FE}.Debug|Any CPU.ActiveCfg = Debug|Any CPU
		{79C77B98-D95C-4C69-B594-AEFEEB9FE6FE}.Debug|Any CPU.Build.0 = Debug|Any CPU
		{79C77B98-D95C-4C69-B594-AEFEEB9FE6FE}.Release|Any CPU.ActiveCfg = Release|Any CPU
		{79C77B98-D95C-4C69-B594-AEFEEB9FE6FE}.Release|Any CPU.Build.0 = Release|Any CPU
		{4B1F46B3-90C5-4007-AC46-907197B98128}.Debug|Any CPU.ActiveCfg = Debug|Any CPU
		{4B1F46B3-90C5-4007-AC46-907197B98128}.Debug|Any CPU.Build.0 = Debug|Any CPU
		{4B1F46B3-90C5-4007-AC46-907197B98128}.Release|Any CPU.ActiveCfg = Debug|Any CPU
		{4B1F46B3-90C5-4007-AC46-907197B98128}.Release|Any CPU.Build.0 = Debug|Any CPU
		{A28B9907-3206-4B50-B9F9-17EDC2AFFE31}.Debug|Any CPU.ActiveCfg = Debug|Any CPU
		{A28B9907-3206-4B50-B9F9-17EDC2AFFE31}.Debug|Any CPU.Build.0 = Debug|Any CPU
		{A28B9907-3206-4B50-B9F9-17EDC2AFFE31}.Release|Any CPU.ActiveCfg = Release|Any CPU
		{A28B9907-3206-4B50-B9F9-17EDC2AFFE31}.Release|Any CPU.Build.0 = Release|Any CPU
		{AE3DE55F-8B5D-4208-AE9A-A01824D5B2DF}.Debug|Any CPU.ActiveCfg = Debug|Any CPU
		{AE3DE55F-8B5D-4208-AE9A-A01824D5B2DF}.Debug|Any CPU.Build.0 = Debug|Any CPU
		{AE3DE55F-8B5D-4208-AE9A-A01824D5B2DF}.Release|Any CPU.ActiveCfg = Release|Any CPU
		{AE3DE55F-8B5D-4208-AE9A-A01824D5B2DF}.Release|Any CPU.Build.0 = Release|Any CPU
	EndGlobalSection
	GlobalSection(SolutionProperties) = preSolution
		HideSolutionNode = FALSE
	EndGlobalSection
EndGlobal
